// !$*UTF8*$!
{
	archiveVersion = 1;
	classes = {
	};
	objectVersion = 46;
	objects = {

/* Begin PBXBuildFile section */
		9E5DDA531D0757900033F805 /* main.m in Sources */ = {isa = PBXBuildFile; fileRef = 9E5DDA521D0757900033F805 /* main.m */; };
		9E5DDA5D1D075A2A0033F805 /* assorted-breakfast-2.txt in Copy Files */ = {isa = PBXBuildFile; fileRef = 9E5DDA5B1D07599B0033F805 /* assorted-breakfast-2.txt */; settings = {ATTRIBUTES = (CodeSignOnCopy, ); }; };
/* End PBXBuildFile section */

/* Begin PBXCopyFilesBuildPhase section */
		9E5DDA4D1D0757900033F805 /* Copy Files */ = {
			isa = PBXCopyFilesBuildPhase;
			buildActionMask = 2147483647;
			dstPath = /usr/share/man/man1/;
			dstSubfolderSpec = 0;
			files = (
				9E5DDA5D1D075A2A0033F805 /* assorted-breakfast-2.txt in Copy Files */,
			);
			name = "Copy Files";
			runOnlyForDeploymentPostprocessing = 1;
		};
/* End PBXCopyFilesBuildPhase section */

/* Begin PBXFileReference section */
		9E5DDA4F1D0757900033F805 /* BinarySearchTest */ = {isa = PBXFileReference; explicitFileType = "compiled.mach-o.executable"; includeInIndex = 0; path = BinarySearchTest; sourceTree = BUILT_PRODUCTS_DIR; };
		9E5DDA521D0757900033F805 /* main.m */ = {isa = PBXFileReference; lastKnownFileType = sourcecode.c.objc; path = main.m; sourceTree = "<group>"; };
		9E5DDA5B1D07599B0033F805 /* assorted-breakfast-2.txt */ = {isa = PBXFileReference; fileEncoding = 4; lastKnownFileType = text; name = "assorted-breakfast-2.txt"; path = "../../../Downloads/assorted-breakfast-2.txt"; sourceTree = "<group>"; };
/* End PBXFileReference section */

/* Begin PBXFrameworksBuildPhase section */
		9E5DDA4C1D0757900033F805 /* Frameworks */ = {
			isa = PBXFrameworksBuildPhase;
			buildActionMask = 2147483647;
			files = (
			);
			runOnlyForDeploymentPostprocessing = 0;
		};
/* End PBXFrameworksBuildPhase section */

/* Begin PBXGroup section */
		9E5DDA461D0757900033F805 = {
			isa = PBXGroup;
			children = (
				9E5DDA511D0757900033F805 /* BinarySearchTest */,
				9E5DDA501D0757900033F805 /* Products */,
			);
			sourceTree = "<group>";
		};
		9E5DDA501D0757900033F805 /* Products */ = {
			isa = PBXGroup;
			children = (
				9E5DDA4F1D0757900033F805 /* BinarySearchTest */,
			);
			name = Products;
			sourceTree = "<group>";
		};
		9E5DDA511D0757900033F805 /* BinarySearchTest */ = {
			isa = PBXGroup;
			children = (
				9E5DDA521D0757900033F805 /* main.m */,
				9E5DDA5B1D07599B0033F805 /* assorted-breakfast-2.txt */,
			);
			path = BinarySearchTest;
			sourceTree = "<group>";
		};
/* End PBXGroup section */

/* Begin PBXNativeTarget section */
		9E5DDA4E1D0757900033F805 /* BinarySearchTest */ = {
			isa = PBXNativeTarget;
			buildConfigurationList = 9E5DDA561D0757900033F805 /* Build configuration list for PBXNativeTarget "BinarySearchTest" */;
			buildPhases = (
				9E5DDA4B1D0757900033F805 /* Sources */,
				9E5DDA4C1D0757900033F805 /* Frameworks */,
				9E5DDA4D1D0757900033F805 /* Copy Files */,
			);
			buildRules = (
			);
			dependencies = (
			);
			name = BinarySearchTest;
			productName = BinarySearchTest;
			productReference = 9E5DDA4F1D0757900033F805 /* BinarySearchTest */;
			productType = "com.apple.product-type.tool";
		};
/* End PBXNativeTarget section */

/* Begin PBXProject section */
		9E5DDA471D0757900033F805 /* Project object */ = {
			isa = PBXProject;
			attributes = {
				LastUpgradeCheck = 0730;
				ORGANIZATIONNAME = sahlitude;
				TargetAttributes = {
					9E5DDA4E1D0757900033F805 = {
						CreatedOnToolsVersion = 7.3.1;
					};
				};
			};
			buildConfigurationList = 9E5DDA4A1D0757900033F805 /* Build configuration list for PBXProject "BinarySearchTest" */;
			compatibilityVersion = "Xcode 3.2";
			developmentRegion = English;
			hasScannedForEncodings = 0;
			knownRegions = (
				en,
			);
			mainGroup = 9E5DDA461D0757900033F805;
			productRefGroup = 9E5DDA501D0757900033F805 /* Products */;
			projectDirPath = "";
			projectRoot = "";
			targets = (
				9E5DDA4E1D0757900033F805 /* BinarySearchTest */,
			);
		};
/* End PBXProject section */

/* Begin PBXSourcesBuildPhase section */
		9E5DDA4B1D0757900033F805 /* Sources */ = {
			isa = PBXSourcesBuildPhase;
			buildActionMask = 2147483647;
			files = (
				9E5DDA531D0757900033F805 /* main.m in Sources */,
			);
			runOnlyForDeploymentPostprocessing = 0;
		};
/* End PBXSourcesBuildPhase section */

/* Begin XCBuildConfiguration section */
		9E5DDA541D0757900033F805 /* Debug */ = {
			isa = XCBuildConfiguration;
			buildSettings = {
				ALWAYS_SEARCH_USER_PATHS = NO;
				CLANG_ANALYZER_NONNULL = YES;
				CLANG_CXX_LANGUAGE_STANDARD = "gnu++0x";
				CLANG_CXX_LIBRARY = "libc++";
				CLANG_ENABLE_MODULES = YES;
				CLANG_ENABLE_OBJC_ARC = YES;
				CLANG_WARN_BOOL_CONVERSION = YES;
				CLANG_WARN_CONSTANT_CONVERSION = YES;
				CLANG_WARN_DIRECT_OBJC_ISA_USAGE = YES_ERROR;
				CLANG_WARN_EMPTY_BODY = YES;
				CLANG_WARN_ENUM_CONVERSION = YES;
				CLANG_WARN_INT_CONVERSION = YES;
				CLANG_WARN_OBJC_ROOT_CLASS = YES_ERROR;
				CLANG_WARN_UNREACHABLE_CODE = YES;
				CLANG_WARN__DUPLICATE_METHOD_MATCH = YES;
				CODE_SIGN_IDENTITY = "-";
				COPY_PHASE_STRIP = NO;
				DEBUG_INFORMATION_FORMAT = dwarf;
				ENABLE_STRICT_OBJC_MSGSEND = YES;
				ENABLE_TESTABILITY = YES;
				GCC_C_LANGUAGE_STANDARD = gnu99;
				GCC_DYNAMIC_NO_PIC = NO;
				GCC_NO_COMMON_BLOCKS = YES;
				GCC_OPTIMIZATION_LEVEL = 0;
				GCC_PREPROCESSOR_DEFINITIONS = (
					"DEBUG=1",
					"$(inherited)",
				);
				GCC_WARN_64_TO_32_BIT_CONVERSION = YES;
				GCC_WARN_ABOUT_RETURN_TYPE = YES_ERROR;
				GCC_WARN_UNDECLARED_SELECTOR = YES;
				GCC_WARN_UNINITIALIZED_AUTOS = YES_AGGRESSIVE;
				GCC_WARN_UNUSED_FUNCTION = YES;
				GCC_WARN_UNUSED_VARIABLE = YES;
				MACOSX_DEPLOYMENT_TARGET = 10.11;
				MTL_ENABLE_DEBUG_INFO = YES;
				ONLY_ACTIVE_ARCH = YES;
				SDKROOT = macosx;
			};
			name = Debug;
		};
		9E5DDA551D0757900033F805 /* Release */ = {
			isa = XCBuildConfiguration;
			buildSettings = {
				ALWAYS_SEARCH_USER_PATHS = NO;
				CLANG_ANALYZER_NONNULL = YES;
				CLANG_CXX_LANGUAGE_STANDARD = "gnu++0x";
				CLANG_CXX_LIBRARY = "libc++";
				CLANG_ENABLE_MODULES = YES;
				CLANG_ENABLE_OBJC_ARC = YES;
				CLANG_WARN_BOOL_CONVERSION = YES;
				CLANG_WARN_CONSTANT_CONVERSION = YES;
				CLANG_WARN_DIRECT_OBJC_ISA_USAGE = YES_ERROR;
				CLANG_WARN_EMPTY_BODY = YES;
				CLANG_WARN_ENUM_CONVERSION = YES;
				CLANG_WARN_INT_CONVERSION = YES;
				CLANG_WARN_OBJC_ROOT_CLASS = YES_ERROR;
				CLANG_WARN_UNREACHABLE_CODE = YES;
				CLANG_WARN__DUPLICATE_METHOD_MATCH = YES;
				CODE_SIGN_IDENTITY = "-";
				COPY_PHASE_STRIP = NO;
				DEBUG_INFORMATION_FORMAT = "dwarf-with-dsym";
				ENABLE_NS_ASSERTIONS = NO;
				ENABLE_STRICT_OBJC_MSGSEND = YES;
				GCC_C_LANGUAGE_STANDARD = gnu99;
				GCC_NO_COMMON_BLOCKS = YES;
				GCC_WARN_64_TO_32_BIT_CONVERSION = YES;
				GCC_WARN_ABOUT_RETURN_TYPE = YES_ERROR;
				GCC_WARN_UNDECLARED_SELECTOR = YES;
				GCC_WARN_UNINITIALIZED_AUTOS = YES_AGGRESSIVE;
				GCC_WARN_UNUSED_FUNCTION = YES;
				GCC_WARN_UNUSED_VARIABLE = YES;
				MACOSX_DEPLOYMENT_TARGET = 10.11;
				MTL_ENABLE_DEBUG_INFO = NO;
				SDKROOT = macosx;
			};
			name = Release;
		};
		9E5DDA571D0757900033F805 /* Debug */ = {
			isa = XCBuildConfiguration;
			buildSettings = {
				PRODUCT_NAME = "$(TARGET_NAME)";
			};
			name = Debug;
		};
		9E5DDA581D0757900033F805 /* Release */ = {
			isa = XCBuildConfiguration;
			buildSettings = {
				PRODUCT_NAME = "$(TARGET_NAME)";
			};
			name = Release;
		};
/* End XCBuildConfiguration section */

/* Begin XCConfigurationList section */
		9E5DDA4A1D0757900033F805 /* Build configuration list for PBXProject "BinarySearchTest" */ = {
			isa = XCConfigurationList;
			buildConfigurations = (
				9E5DDA541D0757900033F805 /* Debug */,
				9E5DDA551D0757900033F805 /* Release */,
			);
			defaultConfigurationIsVisible = 0;
			defaultConfigurationName = Release;
		};
		9E5DDA561D0757900033F805 /* Build configuration list for PBXNativeTarget "BinarySearchTest" */ = {
			isa = XCConfigurationList;
			buildConfigurations = (
				9E5DDA571D0757900033F805 /* Debug */,
				9E5DDA581D0757900033F805 /* Release */,
			);
			defaultConfigurationIsVisible = 0;
		};
/* End XCConfigurationList section */
	};
	rootObject = 9E5DDA471D0757900033F805 /* Project object */;
}
